// !$*UTF8*$!
{
	archiveVersion = 1;
	classes = {
	};
	objectVersion = 56;
	objects = {

/* Begin PBXBuildFile section */
		3E0597CC2EA6AE7F004C3169 /* RandomData.swift in Sources */ = {isa = PBXBuildFile; fileRef = 3E0597CB2EA6AE7F004C3169 /* RandomData.swift */; };
		3E0597F82EA6BFE1004C3169 /* Wobbily_WizardApp.swift in Sources */ = {isa = PBXBuildFile; fileRef = 3E0597F72EA6BFE1004C3169 /* Wobbily_WizardApp.swift */; };
		3E3070232EA32FB3005B4B33 /* Shop.swift in Sources */ = {isa = PBXBuildFile; fileRef = 3E3070222EA32FB3005B4B33 /* Shop.swift */; };
		727D408C2EAB196C00723A63 /* GoogleService-Info.plist in Resources */ = {isa = PBXBuildFile; fileRef = 727D408B2EAB196C00723A63 /* GoogleService-Info.plist */; };
		727D40902EAB1CC100723A63 /* FirebaseAI in Frameworks */ = {isa = PBXBuildFile; productRef = 727D408F2EAB1CC100723A63 /* FirebaseAI */; };
		727D40922EAB1CC100723A63 /* FirebaseAnalytics in Frameworks */ = {isa = PBXBuildFile; productRef = 727D40912EAB1CC100723A63 /* FirebaseAnalytics */; };
		727D40942EAB1CC100723A63 /* FirebaseAnalyticsCore in Frameworks */ = {isa = PBXBuildFile; productRef = 727D40932EAB1CC100723A63 /* FirebaseAnalyticsCore */; };
		727D40962EAB1CC100723A63 /* FirebaseAnalyticsIdentitySupport in Frameworks */ = {isa = PBXBuildFile; productRef = 727D40952EAB1CC100723A63 /* FirebaseAnalyticsIdentitySupport */; };
		727D40982EAB1CC100723A63 /* FirebaseAppCheck in Frameworks */ = {isa = PBXBuildFile; productRef = 727D40972EAB1CC100723A63 /* FirebaseAppCheck */; };
		727D409A2EAB1CC100723A63 /* FirebaseAppDistribution-Beta in Frameworks */ = {isa = PBXBuildFile; productRef = 727D40992EAB1CC100723A63 /* FirebaseAppDistribution-Beta */; };
		727D409C2EAB1CC100723A63 /* FirebaseAuth in Frameworks */ = {isa = PBXBuildFile; productRef = 727D409B2EAB1CC100723A63 /* FirebaseAuth */; };
		727D409E2EAB1CC100723A63 /* FirebaseAuthCombine-Community in Frameworks */ = {isa = PBXBuildFile; productRef = 727D409D2EAB1CC100723A63 /* FirebaseAuthCombine-Community */; };
		727D40A02EAB1CC100723A63 /* FirebaseCore in Frameworks */ = {isa = PBXBuildFile; productRef = 727D409F2EAB1CC100723A63 /* FirebaseCore */; };
		727D40A22EAB1CC100723A63 /* FirebaseCrashlytics in Frameworks */ = {isa = PBXBuildFile; productRef = 727D40A12EAB1CC100723A63 /* FirebaseCrashlytics */; };
		727D40A42EAB1CC100723A63 /* FirebaseDatabase in Frameworks */ = {isa = PBXBuildFile; productRef = 727D40A32EAB1CC100723A63 /* FirebaseDatabase */; };
		727D40A62EAB1CC100723A63 /* FirebaseFirestore in Frameworks */ = {isa = PBXBuildFile; productRef = 727D40A52EAB1CC100723A63 /* FirebaseFirestore */; };
		727D40A82EAB1CC100723A63 /* FirebaseFirestoreCombine-Community in Frameworks */ = {isa = PBXBuildFile; productRef = 727D40A72EAB1CC100723A63 /* FirebaseFirestoreCombine-Community */; };
		727D40AA2EAB1CC100723A63 /* FirebaseFunctions in Frameworks */ = {isa = PBXBuildFile; productRef = 727D40A92EAB1CC100723A63 /* FirebaseFunctions */; };
		727D40AC2EAB1CC100723A63 /* FirebaseFunctionsCombine-Community in Frameworks */ = {isa = PBXBuildFile; productRef = 727D40AB2EAB1CC100723A63 /* FirebaseFunctionsCombine-Community */; };
		727D40AE2EAB1CC100723A63 /* FirebaseInAppMessaging-Beta in Frameworks */ = {isa = PBXBuildFile; productRef = 727D40AD2EAB1CC100723A63 /* FirebaseInAppMessaging-Beta */; };
		727D40B02EAB1CC100723A63 /* FirebaseInstallations in Frameworks */ = {isa = PBXBuildFile; productRef = 727D40AF2EAB1CC100723A63 /* FirebaseInstallations */; };
		727D40B22EAB1CC100723A63 /* FirebaseMessaging in Frameworks */ = {isa = PBXBuildFile; productRef = 727D40B12EAB1CC100723A63 /* FirebaseMessaging */; };
		727D40B42EAB1CC100723A63 /* FirebaseMLModelDownloader in Frameworks */ = {isa = PBXBuildFile; productRef = 727D40B32EAB1CC100723A63 /* FirebaseMLModelDownloader */; };
		727D40B62EAB1CC100723A63 /* FirebasePerformance in Frameworks */ = {isa = PBXBuildFile; productRef = 727D40B52EAB1CC100723A63 /* FirebasePerformance */; };
		727D40B82EAB1CC100723A63 /* FirebaseRemoteConfig in Frameworks */ = {isa = PBXBuildFile; productRef = 727D40B72EAB1CC100723A63 /* FirebaseRemoteConfig */; };
		727D40BA2EAB1CC100723A63 /* FirebaseStorage in Frameworks */ = {isa = PBXBuildFile; productRef = 727D40B92EAB1CC100723A63 /* FirebaseStorage */; };
		727D40BC2EAB1CC100723A63 /* FirebaseStorageCombine-Community in Frameworks */ = {isa = PBXBuildFile; productRef = 727D40BB2EAB1CC100723A63 /* FirebaseStorageCombine-Community */; };
		8D048A402E959705004CC42A /* ContentView.swift in Sources */ = {isa = PBXBuildFile; fileRef = 8D048A3F2E959705004CC42A /* ContentView.swift */; };
		8D048A422E959706004CC42A /* Assets.xcassets in Resources */ = {isa = PBXBuildFile; fileRef = 8D048A412E959706004CC42A /* Assets.xcassets */; };
		8D048A452E959706004CC42A /* Preview Assets.xcassets in Resources */ = {isa = PBXBuildFile; fileRef = 8D048A442E959706004CC42A /* Preview Assets.xcassets */; };
		8D048A512E959FD4004CC42A /* Home.swift in Sources */ = {isa = PBXBuildFile; fileRef = 8D048A502E959FD4004CC42A /* Home.swift */; };
		8D048A752EA3BD31004CC42A /* StepCountViewModel.swift in Sources */ = {isa = PBXBuildFile; fileRef = 8D048A742EA3BD31004CC42A /* StepCountViewModel.swift */; };
		8D048A782EA819DE004CC42A /* PlayerWalkScene.swift in Sources */ = {isa = PBXBuildFile; fileRef = 8D048A772EA819DE004CC42A /* PlayerWalkScene.swift */; };
/* End PBXBuildFile section */

/* Begin PBXFileReference section */
		3E0597CB2EA6AE7F004C3169 /* RandomData.swift */ = {isa = PBXFileReference; lastKnownFileType = sourcecode.swift; path = RandomData.swift; sourceTree = "<group>"; };
		3E0597F72EA6BFE1004C3169 /* Wobbily_WizardApp.swift */ = {isa = PBXFileReference; lastKnownFileType = sourcecode.swift; path = Wobbily_WizardApp.swift; sourceTree = "<group>"; };
		3E3070222EA32FB3005B4B33 /* Shop.swift */ = {isa = PBXFileReference; lastKnownFileType = sourcecode.swift; path = Shop.swift; sourceTree = "<group>"; };
		727D408B2EAB196C00723A63 /* GoogleService-Info.plist */ = {isa = PBXFileReference; lastKnownFileType = text.plist.xml; path = "GoogleService-Info.plist"; sourceTree = "<group>"; };
		8D048A3A2E959705004CC42A /* Wobbily Wizard.app */ = {isa = PBXFileReference; explicitFileType = wrapper.application; includeInIndex = 0; path = "Wobbily Wizard.app"; sourceTree = BUILT_PRODUCTS_DIR; };
		8D048A3F2E959705004CC42A /* ContentView.swift */ = {isa = PBXFileReference; lastKnownFileType = sourcecode.swift; path = ContentView.swift; sourceTree = "<group>"; };
		8D048A412E959706004CC42A /* Assets.xcassets */ = {isa = PBXFileReference; lastKnownFileType = folder.assetcatalog; path = Assets.xcassets; sourceTree = "<group>"; };
		8D048A442E959706004CC42A /* Preview Assets.xcassets */ = {isa = PBXFileReference; lastKnownFileType = folder.assetcatalog; path = "Preview Assets.xcassets"; sourceTree = "<group>"; };
		8D048A502E959FD4004CC42A /* Home.swift */ = {isa = PBXFileReference; lastKnownFileType = sourcecode.swift; path = Home.swift; sourceTree = "<group>"; };
		8D048A522E983FA6004CC42A /* Wobbily Wizard.entitlements */ = {isa = PBXFileReference; lastKnownFileType = text.plist.entitlements; path = "Wobbily Wizard.entitlements"; sourceTree = "<group>"; };
		8D048A532E9846B0004CC42A /* Wobbily-Wizard-Info.plist */ = {isa = PBXFileReference; lastKnownFileType = text.plist; path = "Wobbily-Wizard-Info.plist"; sourceTree = SOURCE_ROOT; };
		8D048A742EA3BD31004CC42A /* StepCountViewModel.swift */ = {isa = PBXFileReference; lastKnownFileType = sourcecode.swift; path = StepCountViewModel.swift; sourceTree = "<group>"; };
		8D048A772EA819DE004CC42A /* PlayerWalkScene.swift */ = {isa = PBXFileReference; lastKnownFileType = sourcecode.swift; path = PlayerWalkScene.swift; sourceTree = "<group>"; };
/* End PBXFileReference section */

/* Begin PBXFrameworksBuildPhase section */
		8D048A372E959705004CC42A /* Frameworks */ = {
			isa = PBXFrameworksBuildPhase;
			buildActionMask = 2147483647;
			files = (
				727D40B22EAB1CC100723A63 /* FirebaseMessaging in Frameworks */,
				727D40A82EAB1CC100723A63 /* FirebaseFirestoreCombine-Community in Frameworks */,
				727D40B62EAB1CC100723A63 /* FirebasePerformance in Frameworks */,
				727D40BC2EAB1CC100723A63 /* FirebaseStorageCombine-Community in Frameworks */,
				727D40B82EAB1CC100723A63 /* FirebaseRemoteConfig in Frameworks */,
				727D40AA2EAB1CC100723A63 /* FirebaseFunctions in Frameworks */,
				727D40962EAB1CC100723A63 /* FirebaseAnalyticsIdentitySupport in Frameworks */,
				727D40922EAB1CC100723A63 /* FirebaseAnalytics in Frameworks */,
				727D40942EAB1CC100723A63 /* FirebaseAnalyticsCore in Frameworks */,
				727D40982EAB1CC100723A63 /* FirebaseAppCheck in Frameworks */,
				727D40902EAB1CC100723A63 /* FirebaseAI in Frameworks */,
				727D40A62EAB1CC100723A63 /* FirebaseFirestore in Frameworks */,
				727D40B02EAB1CC100723A63 /* FirebaseInstallations in Frameworks */,
				727D40AC2EAB1CC100723A63 /* FirebaseFunctionsCombine-Community in Frameworks */,
				727D409C2EAB1CC100723A63 /* FirebaseAuth in Frameworks */,
				727D40B42EAB1CC100723A63 /* FirebaseMLModelDownloader in Frameworks */,
				727D409A2EAB1CC100723A63 /* FirebaseAppDistribution-Beta in Frameworks */,
				727D40AE2EAB1CC100723A63 /* FirebaseInAppMessaging-Beta in Frameworks */,
				727D40A22EAB1CC100723A63 /* FirebaseCrashlytics in Frameworks */,
				727D40A42EAB1CC100723A63 /* FirebaseDatabase in Frameworks */,
				727D40BA2EAB1CC100723A63 /* FirebaseStorage in Frameworks */,
				727D40A02EAB1CC100723A63 /* FirebaseCore in Frameworks */,
				727D409E2EAB1CC100723A63 /* FirebaseAuthCombine-Community in Frameworks */,
			);
			runOnlyForDeploymentPostprocessing = 0;
		};
/* End PBXFrameworksBuildPhase section */

/* Begin PBXGroup section */
		727D408E2EAB1CC100723A63 /* Frameworks */ = {
			isa = PBXGroup;
			children = (
			);
			name = Frameworks;
			sourceTree = "<group>";
		};
		8D048A312E959704004CC42A = {
			isa = PBXGroup;
			children = (
				8D048A3C2E959705004CC42A /* Wobbily Wizard */,
				727D408E2EAB1CC100723A63 /* Frameworks */,
				8D048A3B2E959705004CC42A /* Products */,
			);
			sourceTree = "<group>";
		};
		8D048A3B2E959705004CC42A /* Products */ = {
			isa = PBXGroup;
			children = (
				8D048A3A2E959705004CC42A /* Wobbily Wizard.app */,
			);
			name = Products;
			sourceTree = "<group>";
		};
		8D048A3C2E959705004CC42A /* Wobbily Wizard */ = {
			isa = PBXGroup;
			children = (
				8D048A762EA819A5004CC42A /* Scenes */,
				3E0597CB2EA6AE7F004C3169 /* RandomData.swift */,
				8D048A532E9846B0004CC42A /* Wobbily-Wizard-Info.plist */,
				8D048A522E983FA6004CC42A /* Wobbily Wizard.entitlements */,
				8D048A4F2E959FB8004CC42A /* Views */,
				8D048A3F2E959705004CC42A /* ContentView.swift */,
				3E0597F72EA6BFE1004C3169 /* Wobbily_WizardApp.swift */,
				8D048A412E959706004CC42A /* Assets.xcassets */,
				8D048A432E959706004CC42A /* Preview Content */,
				8D048A742EA3BD31004CC42A /* StepCountViewModel.swift */,
				727D408B2EAB196C00723A63 /* GoogleService-Info.plist */,
			);
			path = "Wobbily Wizard";
			sourceTree = "<group>";
		};
		8D048A432E959706004CC42A /* Preview Content */ = {
			isa = PBXGroup;
			children = (
				8D048A442E959706004CC42A /* Preview Assets.xcassets */,
			);
			path = "Preview Content";
			sourceTree = "<group>";
		};
		8D048A4F2E959FB8004CC42A /* Views */ = {
			isa = PBXGroup;
			children = (
				3E3070222EA32FB3005B4B33 /* Shop.swift */,
				8D048A502E959FD4004CC42A /* Home.swift */,
			);
			name = Views;
			sourceTree = "<group>";
		};
		8D048A762EA819A5004CC42A /* Scenes */ = {
			isa = PBXGroup;
			children = (
				8D048A772EA819DE004CC42A /* PlayerWalkScene.swift */,
			);
			path = Scenes;
			sourceTree = "<group>";
		};
/* End PBXGroup section */

/* Begin PBXNativeTarget section */
		8D048A392E959705004CC42A /* Wobbily Wizard */ = {
			isa = PBXNativeTarget;
			buildConfigurationList = 8D048A482E959706004CC42A /* Build configuration list for PBXNativeTarget "Wobbily Wizard" */;
			buildPhases = (
				8D048A362E959705004CC42A /* Sources */,
				8D048A372E959705004CC42A /* Frameworks */,
				8D048A382E959705004CC42A /* Resources */,
			);
			buildRules = (
			);
			dependencies = (
			);
			name = "Wobbily Wizard";
			productName = "Wobbily Wizard";
			productReference = 8D048A3A2E959705004CC42A /* Wobbily Wizard.app */;
			productType = "com.apple.product-type.application";
		};
/* End PBXNativeTarget section */

/* Begin PBXProject section */
		8D048A322E959704004CC42A /* Project object */ = {
			isa = PBXProject;
			attributes = {
				BuildIndependentTargetsInParallel = 1;
				LastSwiftUpdateCheck = 1500;
				LastUpgradeCheck = 1500;
				TargetAttributes = {
					8D048A392E959705004CC42A = {
						CreatedOnToolsVersion = 15.0.1;
					};
				};
			};
			buildConfigurationList = 8D048A352E959704004CC42A /* Build configuration list for PBXProject "Wobbily Wizard" */;
			compatibilityVersion = "Xcode 14.0";
			developmentRegion = en;
			hasScannedForEncodings = 0;
			knownRegions = (
				en,
				Base,
			);
			mainGroup = 8D048A312E959704004CC42A;
			packageReferences = (
				727D408D2EAB199000723A63 /* XCRemoteSwiftPackageReference "firebase-ios-sdk" */,
			);
			productRefGroup = 8D048A3B2E959705004CC42A /* Products */;
			projectDirPath = "";
			projectRoot = "";
			targets = (
				8D048A392E959705004CC42A /* Wobbily Wizard */,
			);
		};
/* End PBXProject section */

/* Begin PBXResourcesBuildPhase section */
		8D048A382E959705004CC42A /* Resources */ = {
			isa = PBXResourcesBuildPhase;
			buildActionMask = 2147483647;
			files = (
				8D048A452E959706004CC42A /* Preview Assets.xcassets in Resources */,
				8D048A422E959706004CC42A /* Assets.xcassets in Resources */,
				727D408C2EAB196C00723A63 /* GoogleService-Info.plist in Resources */,
			);
			runOnlyForDeploymentPostprocessing = 0;
		};
/* End PBXResourcesBuildPhase section */

/* Begin PBXSourcesBuildPhase section */
		8D048A362E959705004CC42A /* Sources */ = {
			isa = PBXSourcesBuildPhase;
			buildActionMask = 2147483647;
			files = (
				3E0597CC2EA6AE7F004C3169 /* RandomData.swift in Sources */,
				8D048A752EA3BD31004CC42A /* StepCountViewModel.swift in Sources */,
				8D048A402E959705004CC42A /* ContentView.swift in Sources */,
				3E0597F82EA6BFE1004C3169 /* Wobbily_WizardApp.swift in Sources */,
				8D048A782EA819DE004CC42A /* PlayerWalkScene.swift in Sources */,
				8D048A512E959FD4004CC42A /* Home.swift in Sources */,
				3E3070232EA32FB3005B4B33 /* Shop.swift in Sources */,
			);
			runOnlyForDeploymentPostprocessing = 0;
		};
/* End PBXSourcesBuildPhase section */

/* Begin XCBuildConfiguration section */
		8D048A462E959706004CC42A /* Debug */ = {
			isa = XCBuildConfiguration;
			buildSettings = {
				ALWAYS_SEARCH_USER_PATHS = NO;
				ASSETCATALOG_COMPILER_GENERATE_SWIFT_ASSET_SYMBOL_EXTENSIONS = YES;
				CLANG_ANALYZER_NONNULL = YES;
				CLANG_ANALYZER_NUMBER_OBJECT_CONVERSION = YES_AGGRESSIVE;
				CLANG_CXX_LANGUAGE_STANDARD = "gnu++20";
				CLANG_ENABLE_MODULES = YES;
				CLANG_ENABLE_OBJC_ARC = YES;
				CLANG_ENABLE_OBJC_WEAK = YES;
				CLANG_WARN_BLOCK_CAPTURE_AUTORELEASING = YES;
				CLANG_WARN_BOOL_CONVERSION = YES;
				CLANG_WARN_COMMA = YES;
				CLANG_WARN_CONSTANT_CONVERSION = YES;
				CLANG_WARN_DEPRECATED_OBJC_IMPLEMENTATIONS = YES;
				CLANG_WARN_DIRECT_OBJC_ISA_USAGE = YES_ERROR;
				CLANG_WARN_DOCUMENTATION_COMMENTS = YES;
				CLANG_WARN_EMPTY_BODY = YES;
				CLANG_WARN_ENUM_CONVERSION = YES;
				CLANG_WARN_INFINITE_RECURSION = YES;
				CLANG_WARN_INT_CONVERSION = YES;
				CLANG_WARN_NON_LITERAL_NULL_CONVERSION = YES;
				CLANG_WARN_OBJC_IMPLICIT_RETAIN_SELF = YES;
				CLANG_WARN_OBJC_LITERAL_CONVERSION = YES;
				CLANG_WARN_OBJC_ROOT_CLASS = YES_ERROR;
				CLANG_WARN_QUOTED_INCLUDE_IN_FRAMEWORK_HEADER = YES;
				CLANG_WARN_RANGE_LOOP_ANALYSIS = YES;
				CLANG_WARN_STRICT_PROTOTYPES = YES;
				CLANG_WARN_SUSPICIOUS_MOVE = YES;
				CLANG_WARN_UNGUARDED_AVAILABILITY = YES_AGGRESSIVE;
				CLANG_WARN_UNREACHABLE_CODE = YES;
				CLANG_WARN__DUPLICATE_METHOD_MATCH = YES;
				COPY_PHASE_STRIP = NO;
				DEBUG_INFORMATION_FORMAT = dwarf;
				ENABLE_STRICT_OBJC_MSGSEND = YES;
				ENABLE_TESTABILITY = YES;
				ENABLE_USER_SCRIPT_SANDBOXING = YES;
				GCC_C_LANGUAGE_STANDARD = gnu17;
				GCC_DYNAMIC_NO_PIC = NO;
				GCC_NO_COMMON_BLOCKS = YES;
				GCC_OPTIMIZATION_LEVEL = 0;
				GCC_PREPROCESSOR_DEFINITIONS = (
					"DEBUG=1",
					"$(inherited)",
				);
				GCC_WARN_64_TO_32_BIT_CONVERSION = YES;
				GCC_WARN_ABOUT_RETURN_TYPE = YES_ERROR;
				GCC_WARN_UNDECLARED_SELECTOR = YES;
				GCC_WARN_UNINITIALIZED_AUTOS = YES_AGGRESSIVE;
				GCC_WARN_UNUSED_FUNCTION = YES;
				GCC_WARN_UNUSED_VARIABLE = YES;
				IPHONEOS_DEPLOYMENT_TARGET = 17.0;
				LOCALIZATION_PREFERS_STRING_CATALOGS = YES;
				MTL_ENABLE_DEBUG_INFO = INCLUDE_SOURCE;
				MTL_FAST_MATH = YES;
				ONLY_ACTIVE_ARCH = YES;
				SDKROOT = iphoneos;
				SWIFT_ACTIVE_COMPILATION_CONDITIONS = "DEBUG $(inherited)";
				SWIFT_OPTIMIZATION_LEVEL = "-Onone";
			};
			name = Debug;
		};
		8D048A472E959706004CC42A /* Release */ = {
			isa = XCBuildConfiguration;
			buildSettings = {
				ALWAYS_SEARCH_USER_PATHS = NO;
				ASSETCATALOG_COMPILER_GENERATE_SWIFT_ASSET_SYMBOL_EXTENSIONS = YES;
				CLANG_ANALYZER_NONNULL = YES;
				CLANG_ANALYZER_NUMBER_OBJECT_CONVERSION = YES_AGGRESSIVE;
				CLANG_CXX_LANGUAGE_STANDARD = "gnu++20";
				CLANG_ENABLE_MODULES = YES;
				CLANG_ENABLE_OBJC_ARC = YES;
				CLANG_ENABLE_OBJC_WEAK = YES;
				CLANG_WARN_BLOCK_CAPTURE_AUTORELEASING = YES;
				CLANG_WARN_BOOL_CONVERSION = YES;
				CLANG_WARN_COMMA = YES;
				CLANG_WARN_CONSTANT_CONVERSION = YES;
				CLANG_WARN_DEPRECATED_OBJC_IMPLEMENTATIONS = YES;
				CLANG_WARN_DIRECT_OBJC_ISA_USAGE = YES_ERROR;
				CLANG_WARN_DOCUMENTATION_COMMENTS = YES;
				CLANG_WARN_EMPTY_BODY = YES;
				CLANG_WARN_ENUM_CONVERSION = YES;
				CLANG_WARN_INFINITE_RECURSION = YES;
				CLANG_WARN_INT_CONVERSION = YES;
				CLANG_WARN_NON_LITERAL_NULL_CONVERSION = YES;
				CLANG_WARN_OBJC_IMPLICIT_RETAIN_SELF = YES;
				CLANG_WARN_OBJC_LITERAL_CONVERSION = YES;
				CLANG_WARN_OBJC_ROOT_CLASS = YES_ERROR;
				CLANG_WARN_QUOTED_INCLUDE_IN_FRAMEWORK_HEADER = YES;
				CLANG_WARN_RANGE_LOOP_ANALYSIS = YES;
				CLANG_WARN_STRICT_PROTOTYPES = YES;
				CLANG_WARN_SUSPICIOUS_MOVE = YES;
				CLANG_WARN_UNGUARDED_AVAILABILITY = YES_AGGRESSIVE;
				CLANG_WARN_UNREACHABLE_CODE = YES;
				CLANG_WARN__DUPLICATE_METHOD_MATCH = YES;
				COPY_PHASE_STRIP = NO;
				DEBUG_INFORMATION_FORMAT = "dwarf-with-dsym";
				ENABLE_NS_ASSERTIONS = NO;
				ENABLE_STRICT_OBJC_MSGSEND = YES;
				ENABLE_USER_SCRIPT_SANDBOXING = YES;
				GCC_C_LANGUAGE_STANDARD = gnu17;
				GCC_NO_COMMON_BLOCKS = YES;
				GCC_WARN_64_TO_32_BIT_CONVERSION = YES;
				GCC_WARN_ABOUT_RETURN_TYPE = YES_ERROR;
				GCC_WARN_UNDECLARED_SELECTOR = YES;
				GCC_WARN_UNINITIALIZED_AUTOS = YES_AGGRESSIVE;
				GCC_WARN_UNUSED_FUNCTION = YES;
				GCC_WARN_UNUSED_VARIABLE = YES;
				IPHONEOS_DEPLOYMENT_TARGET = 17.0;
				LOCALIZATION_PREFERS_STRING_CATALOGS = YES;
				MTL_ENABLE_DEBUG_INFO = NO;
				MTL_FAST_MATH = YES;
				SDKROOT = iphoneos;
				SWIFT_COMPILATION_MODE = wholemodule;
				VALIDATE_PRODUCT = YES;
			};
			name = Release;
		};
		8D048A492E959706004CC42A /* Debug */ = {
			isa = XCBuildConfiguration;
			buildSettings = {
				ASSETCATALOG_COMPILER_APPICON_NAME = AppIcon;
				ASSETCATALOG_COMPILER_GLOBAL_ACCENT_COLOR_NAME = AccentColor;
				CODE_SIGN_ENTITLEMENTS = "Wobbily Wizard/Wobbily Wizard.entitlements";
				CODE_SIGN_STYLE = Automatic;
				CURRENT_PROJECT_VERSION = 1;
				DEVELOPMENT_ASSET_PATHS = "\"Wobbily Wizard/Preview Content\"";
				DEVELOPMENT_TEAM = 324Y6D3P55;
				ENABLE_PREVIEWS = YES;
				GENERATE_INFOPLIST_FILE = YES;
				INFOPLIST_FILE = "Wobbily-Wizard-Info.plist";
				INFOPLIST_KEY_NSHealthShareUsageDescription = "Read Step and Distance Data";
				INFOPLIST_KEY_NSHealthUpdateUsageDescription = "Change Step and Distance Data as Needed";
				INFOPLIST_KEY_NSMotionUsageDescription = "Get Real Time Step Data Through Pedometer Gyroscopes";
				INFOPLIST_KEY_UIApplicationSceneManifest_Generation = YES;
				INFOPLIST_KEY_UIApplicationSupportsIndirectInputEvents = YES;
				INFOPLIST_KEY_UILaunchScreen_Generation = YES;
				INFOPLIST_KEY_UISupportedInterfaceOrientations_iPad = "UIInterfaceOrientationPortrait UIInterfaceOrientationPortraitUpsideDown UIInterfaceOrientationLandscapeLeft UIInterfaceOrientationLandscapeRight";
				INFOPLIST_KEY_UISupportedInterfaceOrientations_iPhone = "UIInterfaceOrientationPortrait UIInterfaceOrientationLandscapeLeft UIInterfaceOrientationLandscapeRight";
				LD_RUNPATH_SEARCH_PATHS = (
					"$(inherited)",
					"@executable_path/Frameworks",
				);
				MARKETING_VERSION = 1.0;
				PRODUCT_BUNDLE_IDENTIFIER = "com.ashley-kulcsar.Wobbily-Wizard";
				PRODUCT_NAME = "$(TARGET_NAME)";
				SWIFT_EMIT_LOC_STRINGS = YES;
				SWIFT_VERSION = 5.0;
				TARGETED_DEVICE_FAMILY = "1,2";
			};
			name = Debug;
		};
		8D048A4A2E959706004CC42A /* Release */ = {
			isa = XCBuildConfiguration;
			buildSettings = {
				ASSETCATALOG_COMPILER_APPICON_NAME = AppIcon;
				ASSETCATALOG_COMPILER_GLOBAL_ACCENT_COLOR_NAME = AccentColor;
				CODE_SIGN_ENTITLEMENTS = "Wobbily Wizard/Wobbily Wizard.entitlements";
				CODE_SIGN_STYLE = Automatic;
				CURRENT_PROJECT_VERSION = 1;
				DEVELOPMENT_ASSET_PATHS = "\"Wobbily Wizard/Preview Content\"";
				DEVELOPMENT_TEAM = 324Y6D3P55;
				ENABLE_PREVIEWS = YES;
				GENERATE_INFOPLIST_FILE = YES;
				INFOPLIST_FILE = "Wobbily-Wizard-Info.plist";
				INFOPLIST_KEY_NSHealthShareUsageDescription = "Read Step and Distance Data";
				INFOPLIST_KEY_NSHealthUpdateUsageDescription = "Change Step and Distance Data as Needed";
				INFOPLIST_KEY_NSMotionUsageDescription = "Get Real Time Step Data Through Pedometer Gyroscopes";
				INFOPLIST_KEY_UIApplicationSceneManifest_Generation = YES;
				INFOPLIST_KEY_UIApplicationSupportsIndirectInputEvents = YES;
				INFOPLIST_KEY_UILaunchScreen_Generation = YES;
				INFOPLIST_KEY_UISupportedInterfaceOrientations_iPad = "UIInterfaceOrientationPortrait UIInterfaceOrientationPortraitUpsideDown UIInterfaceOrientationLandscapeLeft UIInterfaceOrientationLandscapeRight";
				INFOPLIST_KEY_UISupportedInterfaceOrientations_iPhone = "UIInterfaceOrientationPortrait UIInterfaceOrientationLandscapeLeft UIInterfaceOrientationLandscapeRight";
				LD_RUNPATH_SEARCH_PATHS = (
					"$(inherited)",
					"@executable_path/Frameworks",
				);
				MARKETING_VERSION = 1.0;
				PRODUCT_BUNDLE_IDENTIFIER = "com.ashley-kulcsar.Wobbily-Wizard";
				PRODUCT_NAME = "$(TARGET_NAME)";
				SWIFT_EMIT_LOC_STRINGS = YES;
				SWIFT_VERSION = 5.0;
				TARGETED_DEVICE_FAMILY = "1,2";
			};
			name = Release;
		};
/* End XCBuildConfiguration section */

/* Begin XCConfigurationList section */
		8D048A352E959704004CC42A /* Build configuration list for PBXProject "Wobbily Wizard" */ = {
			isa = XCConfigurationList;
			buildConfigurations = (
				8D048A462E959706004CC42A /* Debug */,
				8D048A472E959706004CC42A /* Release */,
			);
			defaultConfigurationIsVisible = 0;
			defaultConfigurationName = Release;
		};
		8D048A482E959706004CC42A /* Build configuration list for PBXNativeTarget "Wobbily Wizard" */ = {
			isa = XCConfigurationList;
			buildConfigurations = (
				8D048A492E959706004CC42A /* Debug */,
				8D048A4A2E959706004CC42A /* Release */,
			);
			defaultConfigurationIsVisible = 0;
			defaultConfigurationName = Release;
		};
/* End XCConfigurationList section */

/* Begin XCRemoteSwiftPackageReference section */
		727D408D2EAB199000723A63 /* XCRemoteSwiftPackageReference "firebase-ios-sdk" */ = {
			isa = XCRemoteSwiftPackageReference;
			repositoryURL = "https://github.com/firebase/firebase-ios-sdk";
			requirement = {
				kind = upToNextMajorVersion;
				minimumVersion = 12.4.0;
			};
		};
/* End XCRemoteSwiftPackageReference section */

/* Begin XCSwiftPackageProductDependency section */
		727D408F2EAB1CC100723A63 /* FirebaseAI */ = {
			isa = XCSwiftPackageProductDependency;
			package = 727D408D2EAB199000723A63 /* XCRemoteSwiftPackageReference "firebase-ios-sdk" */;
			productName = FirebaseAI;
		};
		727D40912EAB1CC100723A63 /* FirebaseAnalytics */ = {
			isa = XCSwiftPackageProductDependency;
			package = 727D408D2EAB199000723A63 /* XCRemoteSwiftPackageReference "firebase-ios-sdk" */;
			productName = FirebaseAnalytics;
		};
		727D40932EAB1CC100723A63 /* FirebaseAnalyticsCore */ = {
			isa = XCSwiftPackageProductDependency;
			package = 727D408D2EAB199000723A63 /* XCRemoteSwiftPackageReference "firebase-ios-sdk" */;
			productName = FirebaseAnalyticsCore;
		};
		727D40952EAB1CC100723A63 /* FirebaseAnalyticsIdentitySupport */ = {
			isa = XCSwiftPackageProductDependency;
			package = 727D408D2EAB199000723A63 /* XCRemoteSwiftPackageReference "firebase-ios-sdk" */;
			productName = FirebaseAnalyticsIdentitySupport;
		};
		727D40972EAB1CC100723A63 /* FirebaseAppCheck */ = {
			isa = XCSwiftPackageProductDependency;
			package = 727D408D2EAB199000723A63 /* XCRemoteSwiftPackageReference "firebase-ios-sdk" */;
			productName = FirebaseAppCheck;
		};
		727D40992EAB1CC100723A63 /* FirebaseAppDistribution-Beta */ = {
			isa = XCSwiftPackageProductDependency;
			package = 727D408D2EAB199000723A63 /* XCRemoteSwiftPackageReference "firebase-ios-sdk" */;
			productName = "FirebaseAppDistribution-Beta";
		};
		727D409B2EAB1CC100723A63 /* FirebaseAuth */ = {
			isa = XCSwiftPackageProductDependency;
			package = 727D408D2EAB199000723A63 /* XCRemoteSwiftPackageReference "firebase-ios-sdk" */;
			productName = FirebaseAuth;
		};
		727D409D2EAB1CC100723A63 /* FirebaseAuthCombine-Community */ = {
			isa = XCSwiftPackageProductDependency;
			package = 727D408D2EAB199000723A63 /* XCRemoteSwiftPackageReference "firebase-ios-sdk" */;
			productName = "FirebaseAuthCombine-Community";
		};
		727D409F2EAB1CC100723A63 /* FirebaseCore */ = {
			isa = XCSwiftPackageProductDependency;
			package = 727D408D2EAB199000723A63 /* XCRemoteSwiftPackageReference "firebase-ios-sdk" */;
			productName = FirebaseCore;
		};
		727D40A12EAB1CC100723A63 /* FirebaseCrashlytics */ = {
			isa = XCSwiftPackageProductDependency;
			package = 727D408D2EAB199000723A63 /* XCRemoteSwiftPackageReference "firebase-ios-sdk" */;
			productName = FirebaseCrashlytics;
		};
		727D40A32EAB1CC100723A63 /* FirebaseDatabase */ = {
			isa = XCSwiftPackageProductDependency;
			package = 727D408D2EAB199000723A63 /* XCRemoteSwiftPackageReference "firebase-ios-sdk" */;
			productName = FirebaseDatabase;
		};
		727D40A52EAB1CC100723A63 /* FirebaseFirestore */ = {
			isa = XCSwiftPackageProductDependency;
			package = 727D408D2EAB199000723A63 /* XCRemoteSwiftPackageReference "firebase-ios-sdk" */;
			productName = FirebaseFirestore;
		};
		727D40A72EAB1CC100723A63 /* FirebaseFirestoreCombine-Community */ = {
			isa = XCSwiftPackageProductDependency;
			package = 727D408D2EAB199000723A63 /* XCRemoteSwiftPackageReference "firebase-ios-sdk" */;
			productName = "FirebaseFirestoreCombine-Community";
		};
		727D40A92EAB1CC100723A63 /* FirebaseFunctions */ = {
			isa = XCSwiftPackageProductDependency;
			package = 727D408D2EAB199000723A63 /* XCRemoteSwiftPackageReference "firebase-ios-sdk" */;
			productName = FirebaseFunctions;
		};
		727D40AB2EAB1CC100723A63 /* FirebaseFunctionsCombine-Community */ = {
			isa = XCSwiftPackageProductDependency;
			package = 727D408D2EAB199000723A63 /* XCRemoteSwiftPackageReference "firebase-ios-sdk" */;
			productName = "FirebaseFunctionsCombine-Community";
		};
		727D40AD2EAB1CC100723A63 /* FirebaseInAppMessaging-Beta */ = {
			isa = XCSwiftPackageProductDependency;
			package = 727D408D2EAB199000723A63 /* XCRemoteSwiftPackageReference "firebase-ios-sdk" */;
			productName = "FirebaseInAppMessaging-Beta";
		};
		727D40AF2EAB1CC100723A63 /* FirebaseInstallations */ = {
			isa = XCSwiftPackageProductDependency;
			package = 727D408D2EAB199000723A63 /* XCRemoteSwiftPackageReference "firebase-ios-sdk" */;
			productName = FirebaseInstallations;
		};
		727D40B12EAB1CC100723A63 /* FirebaseMessaging */ = {
			isa = XCSwiftPackageProductDependency;
			package = 727D408D2EAB199000723A63 /* XCRemoteSwiftPackageReference "firebase-ios-sdk" */;
			productName = FirebaseMessaging;
		};
		727D40B32EAB1CC100723A63 /* FirebaseMLModelDownloader */ = {
			isa = XCSwiftPackageProductDependency;
			package = 727D408D2EAB199000723A63 /* XCRemoteSwiftPackageReference "firebase-ios-sdk" */;
			productName = FirebaseMLModelDownloader;
		};
		727D40B52EAB1CC100723A63 /* FirebasePerformance */ = {
			isa = XCSwiftPackageProductDependency;
			package = 727D408D2EAB199000723A63 /* XCRemoteSwiftPackageReference "firebase-ios-sdk" */;
			productName = FirebasePerformance;
		};
		727D40B72EAB1CC100723A63 /* FirebaseRemoteConfig */ = {
			isa = XCSwiftPackageProductDependency;
			package = 727D408D2EAB199000723A63 /* XCRemoteSwiftPackageReference "firebase-ios-sdk" */;
			productName = FirebaseRemoteConfig;
		};
		727D40B92EAB1CC100723A63 /* FirebaseStorage */ = {
			isa = XCSwiftPackageProductDependency;
			package = 727D408D2EAB199000723A63 /* XCRemoteSwiftPackageReference "firebase-ios-sdk" */;
			productName = FirebaseStorage;
		};
		727D40BB2EAB1CC100723A63 /* FirebaseStorageCombine-Community */ = {
			isa = XCSwiftPackageProductDependency;
			package = 727D408D2EAB199000723A63 /* XCRemoteSwiftPackageReference "firebase-ios-sdk" */;
			productName = "FirebaseStorageCombine-Community";
		};
/* End XCSwiftPackageProductDependency section */
	};
	rootObject = 8D048A322E959704004CC42A /* Project object */;
}
